<Solution>
  <Folder Name="/Solution Items/">
    <File Path=".editorconfig" />
    <File Path="CLAUDE.md" />
    <File Path="Directory.Build.props" />
    <File Path="Directory.Packages.props" />
    <File Path="README.md" />
    <File Path="_publish.ps1" />
  </Folder>
  <Folder Name="/Solution Items/workflows/">
    <File Path=".github/workflows/build.yml" />
    <File Path=".github/workflows/publish.yml" />
  </Folder>
  <Folder Name="/src/">
    <Project Path="src/VpnHood.Tools.ResourceTranslator/VpnHood.Tools.ResourceTranslator.csproj" />
  </Folder>
  <Folder Name="/tests/">
    <Project Path="tests/VpnHood.Tools.ResourceTranslator.Tests/VpnHood.Tools.ResourceTranslator.Tests.csproj" />
  </Folder>
</Solution>
